
Microsoft Visual Studio Solution File, Format Version 12.00
# Visual Studio Version 16
VisualStudioVersion = 16.0.31605.320
MinimumVisualStudioVersion = 10.0.40219.1
Project("{8BC9CEB8-8B4A-11D0-8D11-00A0C91BC942}") = "Serpent", "Serpent.vcxproj", "{69307F18-FE0A-4286-AE46-3E30E6C4404C}"
EndProject
Global
	GlobalSection(SolutionConfigurationPlatforms) = preSolution
		Debug|x64 = Debug|x64
		Debug|x86 = Debug|x86
		Release|x64 = Release|x64
		Release|x86 = Release|x86
	EndGlobalSection
	GlobalSection(ProjectConfigurationPlatforms) = postSolution
		{69307F18-FE0A-4286-AE46-3E30E6C4404C}.Debug|x64.ActiveCfg = Debug|x64
		{69307F18-FE0A-4286-AE46-3E30E6C4404C}.Debug|x64.Build.0 = Debug|x64
		{69307F18-FE0A-4286-AE46-3E30E6C4404C}.Debug|x86.ActiveCfg = Debug|Win32
		{69307F18-FE0A-4286-AE46-3E30E6C4404C}.Debug|x86.Build.0 = Debug|Win32
		{69307F18-FE0A-4286-AE46-3E30E6C4404C}.Release|x64.ActiveCfg = Release|x64
		{69307F18-FE0A-4286-AE46-3E30E6C4404C}.Release|x64.Build.0 = Release|x64
		{69307F18-FE0A-4286-AE46-3E30E6C4404C}.Release|x86.ActiveCfg = Release|Win32
		{69307F18-FE0A-4286-AE46-3E30E6C4404C}.Release|x86.Build.0 = Release|Win32
	EndGlobalSection
	GlobalSection(SolutionProperties) = preSolution
		HideSolutionNode = FALSE
	EndGlobalSection
	GlobalSection(ExtensibilityGlobals) = postSolution
		SolutionGuid = {9DD5C9E2-F985-41EB-8AB3-4DA6F8B4F376}
	EndGlobalSection
EndGlobal
